
Microsoft Visual Studio Solution File, Format Version 12.00
# Visual Studio Version 16
VisualStudioVersion = 16.0.32413.511
MinimumVisualStudioVersion = 10.0.40219.1
Project("{FAE04EC0-301F-11D3-BF4B-00C04F79EFBC}") = "Assignment1", "Assignment1\Assignment1.csproj", "{29144E99-D0CF-4B66-9A21-4DF5785E9FD5}"
EndProject
Global
	GlobalSection(SolutionConfigurationPlatforms) = preSolution
		Debug|Any CPU = Debug|Any CPU
		Release|Any CPU = Release|Any CPU
	EndGlobalSection
	GlobalSection(ProjectConfigurationPlatforms) = postSolution
		{29144E99-D0CF-4B66-9A21-4DF5785E9FD5}.Debug|Any CPU.ActiveCfg = Debug|Any CPU
		{29144E99-D0CF-4B66-9A21-4DF5785E9FD5}.Debug|Any CPU.Build.0 = Debug|Any CPU
		{29144E99-D0CF-4B66-9A21-4DF5785E9FD5}.Release|Any CPU.ActiveCfg = Release|Any CPU
		{29144E99-D0CF-4B66-9A21-4DF5785E9FD5}.Release|Any CPU.Build.0 = Release|Any CPU
	EndGlobalSection
	GlobalSection(SolutionProperties) = preSolution
		HideSolutionNode = FALSE
	EndGlobalSection
	GlobalSection(ExtensibilityGlobals) = postSolution
		SolutionGuid = {7939829D-65E3-4245-8231-F7229A5E0910}
	EndGlobalSection
EndGlobal
